
Microsoft Visual Studio Solution File, Format Version 12.00
# Visual Studio Version 17
VisualStudioVersion = 17.7.34031.279
MinimumVisualStudioVersion = 10.0.40219.1
Project("{FAE04EC0-301F-11D3-BF4B-00C04F79EFBC}") = "WebApi", "WebApi\WebApi.csproj", "{CA03EEFD-F8B7-49E8-B7DE-3D30361A1BA9}"
EndProject
Project("{FAE04EC0-301F-11D3-BF4B-00C04F79EFBC}") = "Persistence", "Persistence\Persistence.csproj", "{5A445D00-4382-4A77-95C3-B07669D86F6F}"
EndProject
Project("{FAE04EC0-301F-11D3-BF4B-00C04F79EFBC}") = "Domain", "Domain\Domain.csproj", "{F48DF51E-4ABC-42A8-A737-A5CAD9E94474}"
EndProject
Project("{FAE04EC0-301F-11D3-BF4B-00C04F79EFBC}") = "Application", "Application\Application.csproj", "{00BBD912-D237-4873-A081-8F4C1BD4D928}"
EndProject
Project("{FAE04EC0-301F-11D3-BF4B-00C04F79EFBC}") = "Infrastructure", "Infrastructure\Infrastructure.csproj", "{B2C70790-C46D-49C2-9F6F-9554FEDA6617}"
EndProject
Global
	GlobalSection(SolutionConfigurationPlatforms) = preSolution
		Debug|Any CPU = Debug|Any CPU
		Release|Any CPU = Release|Any CPU
	EndGlobalSection
	GlobalSection(ProjectConfigurationPlatforms) = postSolution
		{CA03EEFD-F8B7-49E8-B7DE-3D30361A1BA9}.Debug|Any CPU.ActiveCfg = Debug|Any CPU
		{CA03EEFD-F8B7-49E8-B7DE-3D30361A1BA9}.Debug|Any CPU.Build.0 = Debug|Any CPU
		{CA03EEFD-F8B7-49E8-B7DE-3D30361A1BA9}.Release|Any CPU.ActiveCfg = Release|Any CPU
		{CA03EEFD-F8B7-49E8-B7DE-3D30361A1BA9}.Release|Any CPU.Build.0 = Release|Any CPU
		{5A445D00-4382-4A77-95C3-B07669D86F6F}.Debug|Any CPU.ActiveCfg = Debug|Any CPU
		{5A445D00-4382-4A77-95C3-B07669D86F6F}.Debug|Any CPU.Build.0 = Debug|Any CPU
		{5A445D00-4382-4A77-95C3-B07669D86F6F}.Release|Any CPU.ActiveCfg = Release|Any CPU
		{5A445D00-4382-4A77-95C3-B07669D86F6F}.Release|Any CPU.Build.0 = Release|Any CPU
		{F48DF51E-4ABC-42A8-A737-A5CAD9E94474}.Debug|Any CPU.ActiveCfg = Debug|Any CPU
		{F48DF51E-4ABC-42A8-A737-A5CAD9E94474}.Debug|Any CPU.Build.0 = Debug|Any CPU
		{F48DF51E-4ABC-42A8-A737-A5CAD9E94474}.Release|Any CPU.ActiveCfg = Release|Any CPU
		{F48DF51E-4ABC-42A8-A737-A5CAD9E94474}.Release|Any CPU.Build.0 = Release|Any CPU
		{00BBD912-D237-4873-A081-8F4C1BD4D928}.Debug|Any CPU.ActiveCfg = Debug|Any CPU
		{00BBD912-D237-4873-A081-8F4C1BD4D928}.Debug|Any CPU.Build.0 = Debug|Any CPU
		{00BBD912-D237-4873-A081-8F4C1BD4D928}.Release|Any CPU.ActiveCfg = Release|Any CPU
		{00BBD912-D237-4873-A081-8F4C1BD4D928}.Release|Any CPU.Build.0 = Release|Any CPU
		{B2C70790-C46D-49C2-9F6F-9554FEDA6617}.Debug|Any CPU.ActiveCfg = Debug|Any CPU
		{B2C70790-C46D-49C2-9F6F-9554FEDA6617}.Debug|Any CPU.Build.0 = Debug|Any CPU
		{B2C70790-C46D-49C2-9F6F-9554FEDA6617}.Release|Any CPU.ActiveCfg = Release|Any CPU
		{B2C70790-C46D-49C2-9F6F-9554FEDA6617}.Release|Any CPU.Build.0 = Release|Any CPU
	EndGlobalSection
	GlobalSection(SolutionProperties) = preSolution
		HideSolutionNode = FALSE
	EndGlobalSection
	GlobalSection(ExtensibilityGlobals) = postSolution
		SolutionGuid = {C10AA3A7-06D2-4FB8-90D5-4FB56ABF7A99}
	EndGlobalSection
EndGlobal
